
Microsoft Visual Studio Solution File, Format Version 12.00
# Visual Studio Version 17
VisualStudioVersion = 17.4.33205.214
MinimumVisualStudioVersion = 10.0.40219.1
Project("{FAE04EC0-301F-11D3-BF4B-00C04F79EFBC}") = "LargeFileUpload.Server", "Server\LargeFileUpload.Server.csproj", "{F2788000-5237-4C38-9E78-5723D3BC0DBE}"
EndProject
Project("{FAE04EC0-301F-11D3-BF4B-00C04F79EFBC}") = "LargeFileUpload.Client", "Client\LargeFileUpload.Client.csproj", "{641BE66E-3CCE-49A6-A477-CBC42D88A807}"
EndProject
Project("{FAE04EC0-301F-11D3-BF4B-00C04F79EFBC}") = "LargeFileUpload.Shared", "Shared\LargeFileUpload.Shared.csproj", "{A785E302-27DC-404A-9E63-3D9DD996C867}"
EndProject
Global
	GlobalSection(SolutionConfigurationPlatforms) = preSolution
		Debug|Any CPU = Debug|Any CPU
		Release|Any CPU = Release|Any CPU
	EndGlobalSection
	GlobalSection(ProjectConfigurationPlatforms) = postSolution
		{F2788000-5237-4C38-9E78-5723D3BC0DBE}.Debug|Any CPU.ActiveCfg = Debug|Any CPU
		{F2788000-5237-4C38-9E78-5723D3BC0DBE}.Debug|Any CPU.Build.0 = Debug|Any CPU
		{F2788000-5237-4C38-9E78-5723D3BC0DBE}.Release|Any CPU.ActiveCfg = Release|Any CPU
		{F2788000-5237-4C38-9E78-5723D3BC0DBE}.Release|Any CPU.Build.0 = Release|Any CPU
		{641BE66E-3CCE-49A6-A477-CBC42D88A807}.Debug|Any CPU.ActiveCfg = Debug|Any CPU
		{641BE66E-3CCE-49A6-A477-CBC42D88A807}.Debug|Any CPU.Build.0 = Debug|Any CPU
		{641BE66E-3CCE-49A6-A477-CBC42D88A807}.Release|Any CPU.ActiveCfg = Release|Any CPU
		{641BE66E-3CCE-49A6-A477-CBC42D88A807}.Release|Any CPU.Build.0 = Release|Any CPU
		{A785E302-27DC-404A-9E63-3D9DD996C867}.Debug|Any CPU.ActiveCfg = Debug|Any CPU
		{A785E302-27DC-404A-9E63-3D9DD996C867}.Debug|Any CPU.Build.0 = Debug|Any CPU
		{A785E302-27DC-404A-9E63-3D9DD996C867}.Release|Any CPU.ActiveCfg = Release|Any CPU
		{A785E302-27DC-404A-9E63-3D9DD996C867}.Release|Any CPU.Build.0 = Release|Any CPU
	EndGlobalSection
	GlobalSection(SolutionProperties) = preSolution
		HideSolutionNode = FALSE
	EndGlobalSection
	GlobalSection(ExtensibilityGlobals) = postSolution
		SolutionGuid = {C485ACC7-AF51-4759-8E47-5D74A1E0501D}
	EndGlobalSection
EndGlobal
